
Microsoft Visual Studio Solution File, Format Version 12.00
# Visual Studio Version 16
VisualStudioVersion = 16.0.32802.440
MinimumVisualStudioVersion = 10.0.40219.1
Project("{FAE04EC0-301F-11D3-BF4B-00C04F79EFBC}") = "u21437221_HW05", "u21437221_HW05\u21437221_HW05.csproj", "{52055868-103B-49AF-98D5-F97CEC291D24}"
EndProject
Global
	GlobalSection(SolutionConfigurationPlatforms) = preSolution
		Debug|Any CPU = Debug|Any CPU
		Release|Any CPU = Release|Any CPU
	EndGlobalSection
	GlobalSection(ProjectConfigurationPlatforms) = postSolution
		{52055868-103B-49AF-98D5-F97CEC291D24}.Debug|Any CPU.ActiveCfg = Debug|Any CPU
		{52055868-103B-49AF-98D5-F97CEC291D24}.Debug|Any CPU.Build.0 = Debug|Any CPU
		{52055868-103B-49AF-98D5-F97CEC291D24}.Release|Any CPU.ActiveCfg = Release|Any CPU
		{52055868-103B-49AF-98D5-F97CEC291D24}.Release|Any CPU.Build.0 = Release|Any CPU
	EndGlobalSection
	GlobalSection(SolutionProperties) = preSolution
		HideSolutionNode = FALSE
	EndGlobalSection
	GlobalSection(ExtensibilityGlobals) = postSolution
		SolutionGuid = {FE1B6A99-A4A9-43CC-BE0F-7D5FA7C762DB}
	EndGlobalSection
EndGlobal
